
Microsoft Visual Studio Solution File, Format Version 12.00
# Visual Studio Version 17
VisualStudioVersion = 17.1.32319.34
MinimumVisualStudioVersion = 10.0.40219.1
Project("{8BC9CEB8-8B4A-11D0-8D11-00A0C91BC942}") = "typed_ids", "typed_ids\typed_ids.vcxproj", "{1ACAEDD8-7355-4B58-A3BF-12521D619ACD}"
EndProject
Project("{2150E333-8FDC-42A3-9474-1A3956D46DE8}") = "typed", "typed", "{3ADE074C-8157-46DB-BA70-C326A4C9C67D}"
	ProjectSection(SolutionItems) = preProject
		typed\id.hpp = typed\id.hpp
		typed\identifiable.hpp = typed\identifiable.hpp
		typed\identifiable_item_collection.hpp = typed\identifiable_item_collection.hpp
		typed\index.hpp = typed\index.hpp
	EndProjectSection
EndProject
Project("{2150E333-8FDC-42A3-9474-1A3956D46DE8}") = "io", "io", "{1D631250-60AD-4FFD-958E-B13FCD65585A}"
	ProjectSection(SolutionItems) = preProject
		typed\io\idio.hpp = typed\io\idio.hpp
		typed\io\indexio.hpp = typed\io\indexio.hpp
	EndProjectSection
EndProject
Project("{8BC9CEB8-8B4A-11D0-8D11-00A0C91BC942}") = "example", "example\example.vcxproj", "{A261EEE6-A01A-45DD-A463-E2884FF84D46}"
EndProject
Project("{2150E333-8FDC-42A3-9474-1A3956D46DE8}") = "Solution Items", "Solution Items", "{E31C123F-9E9C-4B2A-906C-EAA513E957CE}"
	ProjectSection(SolutionItems) = preProject
		.clang-format = .clang-format
		.gitattributes = .gitattributes
		.gitignore = .gitignore
		readme.md = readme.md
	EndProjectSection
EndProject
Global
	GlobalSection(SolutionConfigurationPlatforms) = preSolution
		Debug|x64 = Debug|x64
		Debug|x86 = Debug|x86
		Release|x64 = Release|x64
		Release|x86 = Release|x86
	EndGlobalSection
	GlobalSection(ProjectConfigurationPlatforms) = postSolution
		{1ACAEDD8-7355-4B58-A3BF-12521D619ACD}.Debug|x64.ActiveCfg = Debug|x64
		{1ACAEDD8-7355-4B58-A3BF-12521D619ACD}.Debug|x64.Build.0 = Debug|x64
		{1ACAEDD8-7355-4B58-A3BF-12521D619ACD}.Debug|x86.ActiveCfg = Debug|Win32
		{1ACAEDD8-7355-4B58-A3BF-12521D619ACD}.Debug|x86.Build.0 = Debug|Win32
		{1ACAEDD8-7355-4B58-A3BF-12521D619ACD}.Release|x64.ActiveCfg = Release|x64
		{1ACAEDD8-7355-4B58-A3BF-12521D619ACD}.Release|x64.Build.0 = Release|x64
		{1ACAEDD8-7355-4B58-A3BF-12521D619ACD}.Release|x86.ActiveCfg = Release|Win32
		{1ACAEDD8-7355-4B58-A3BF-12521D619ACD}.Release|x86.Build.0 = Release|Win32
		{A261EEE6-A01A-45DD-A463-E2884FF84D46}.Debug|x64.ActiveCfg = Debug|x64
		{A261EEE6-A01A-45DD-A463-E2884FF84D46}.Debug|x64.Build.0 = Debug|x64
		{A261EEE6-A01A-45DD-A463-E2884FF84D46}.Debug|x86.ActiveCfg = Debug|Win32
		{A261EEE6-A01A-45DD-A463-E2884FF84D46}.Debug|x86.Build.0 = Debug|Win32
		{A261EEE6-A01A-45DD-A463-E2884FF84D46}.Release|x64.ActiveCfg = Release|x64
		{A261EEE6-A01A-45DD-A463-E2884FF84D46}.Release|x64.Build.0 = Release|x64
		{A261EEE6-A01A-45DD-A463-E2884FF84D46}.Release|x86.ActiveCfg = Release|Win32
		{A261EEE6-A01A-45DD-A463-E2884FF84D46}.Release|x86.Build.0 = Release|Win32
	EndGlobalSection
	GlobalSection(SolutionProperties) = preSolution
		HideSolutionNode = FALSE
	EndGlobalSection
	GlobalSection(NestedProjects) = preSolution
		{1D631250-60AD-4FFD-958E-B13FCD65585A} = {3ADE074C-8157-46DB-BA70-C326A4C9C67D}
	EndGlobalSection
	GlobalSection(ExtensibilityGlobals) = postSolution
		SolutionGuid = {997DF307-1292-472F-A9C4-86060077C269}
	EndGlobalSection
EndGlobal
